
Microsoft Visual Studio Solution File, Format Version 12.00
# Visual Studio Version 17
VisualStudioVersion = 17.13.35825.156 d17.13
MinimumVisualStudioVersion = 10.0.40219.1
Project("{FAE04EC0-301F-11D3-BF4B-00C04F79EFBC}") = "TokenGenerationApplication", "TokenGenerationApplication\TokenGenerationApplication.csproj", "{D4535077-BE38-4EFC-9235-302CC0C0BE6E}"
EndProject
Global
	GlobalSection(SolutionConfigurationPlatforms) = preSolution
		Debug|Any CPU = Debug|Any CPU
		Release|Any CPU = Release|Any CPU
	EndGlobalSection
	GlobalSection(ProjectConfigurationPlatforms) = postSolution
		{D4535077-BE38-4EFC-9235-302CC0C0BE6E}.Debug|Any CPU.ActiveCfg = Debug|Any CPU
		{D4535077-BE38-4EFC-9235-302CC0C0BE6E}.Debug|Any CPU.Build.0 = Debug|Any CPU
		{D4535077-BE38-4EFC-9235-302CC0C0BE6E}.Release|Any CPU.ActiveCfg = Release|Any CPU
		{D4535077-BE38-4EFC-9235-302CC0C0BE6E}.Release|Any CPU.Build.0 = Release|Any CPU
	EndGlobalSection
	GlobalSection(SolutionProperties) = preSolution
		HideSolutionNode = FALSE
	EndGlobalSection
	GlobalSection(ExtensibilityGlobals) = postSolution
		SolutionGuid = {9742E39B-E937-433C-8B9A-179143A3E5EB}
	EndGlobalSection
EndGlobal
